{
  "version": 4,
  "terraform_version": "1.9.7",
  "serial": 127,
  "lineage": "e9005a69-f7f6-e2cd-797c-be149455675c",
  "outputs": {
    "ecr_repository_url": {
      "value": "084375555299.dkr.ecr.us-east-1.amazonaws.com/backend",
      "type": "string"
    }
  },
  "resources": [
    {
      "mode": "data",
      "type": "aws_availability_zones",
      "name": "available",
      "provider": "provider[\"registry.terraform.io/hashicorp/aws\"]",
      "instances": [
        {
          "schema_version": 0,
          "attributes": {
            "all_availability_zones": null,
            "exclude_names": null,
            "exclude_zone_ids": null,
            "filter": null,
            "group_names": [
              "us-east-1"
            ],
            "id": "us-east-1",
            "names": [
              "us-east-1a",
              "us-east-1b",
              "us-east-1c",
              "us-east-1d",
              "us-east-1e",
              "us-east-1f"
            ],
            "state": null,
            "timeouts": null,
            "zone_ids": [
              "use1-az4",
              "use1-az6",
              "use1-az1",
              "use1-az2",
              "use1-az3",
              "use1-az5"
            ]
          },
          "sensitive_attributes": []
        }
      ]
    },
    {
      "mode": "data",
      "type": "aws_ssm_parameter",
      "name": "db_password",
      "provider": "provider[\"registry.terraform.io/hashicorp/aws\"]",
      "instances": [
        {
          "schema_version": 0,
          "attributes": {
            "arn": "arn:aws:ssm:us-east-1:084375555299:parameter/ninhnh/db_password",
            "id": "/ninhnh/db_password",
            "insecure_value": "",
            "name": "/ninhnh/db_password",
            "type": "SecureString",
            "value": "ninhdangcap123",
            "version": 1,
            "with_decryption": true
          },
          "sensitive_attributes": [
            [
              {
                "type": "get_attr",
                "value": "value"
              }
            ]
          ]
        }
      ]
    },
    {
      "mode": "data",
      "type": "aws_ssm_parameter",
      "name": "db_username",
      "provider": "provider[\"registry.terraform.io/hashicorp/aws\"]",
      "instances": [
        {
          "schema_version": 0,
          "attributes": {
            "arn": "arn:aws:ssm:us-east-1:084375555299:parameter/ninhnh/db_username",
            "id": "/ninhnh/db_username",
            "insecure_value": "",
            "name": "/ninhnh/db_username",
            "type": "SecureString",
            "value": "postgres",
            "version": 1,
            "with_decryption": true
          },
          "sensitive_attributes": [
            [
              {
                "type": "get_attr",
                "value": "value"
              }
            ]
          ]
        }
      ]
    },
    {
      "mode": "managed",
      "type": "aws_db_subnet_group",
      "name": "default",
      "provider": "provider[\"registry.terraform.io/hashicorp/aws\"]",
      "instances": [
        {
          "schema_version": 0,
          "attributes": {
            "arn": "arn:aws:rds:us-east-1:084375555299:subgrp:default-subnet-group",
            "description": "Managed by Terraform",
            "id": "default-subnet-group",
            "name": "default-subnet-group",
            "name_prefix": "",
            "subnet_ids": [
              "subnet-055660945d0607ddb",
              "subnet-097c8768d9f2e6cdd"
            ],
            "supported_network_types": [
              "IPV4"
            ],
            "tags": {
              "Name": "ninhnh-vti-rds-subnet-group"
            },
            "tags_all": {
              "Name": "ninhnh-vti-rds-subnet-group"
            },
            "vpc_id": "vpc-04648d57b700f92bb"
          },
          "sensitive_attributes": [],
          "private": "bnVsbA==",
          "dependencies": [
            "aws_subnet.public_subnet",
            "aws_vpc.default",
            "data.aws_availability_zones.available"
          ]
        }
      ]
    },
    {
      "mode": "managed",
      "type": "aws_ecr_repository",
      "name": "my_ecr",
      "provider": "provider[\"registry.terraform.io/hashicorp/aws\"]",
      "instances": [
        {
          "schema_version": 0,
          "attributes": {
            "arn": "arn:aws:ecr:us-east-1:084375555299:repository/backend",
            "encryption_configuration": [
              {
                "encryption_type": "AES256",
                "kms_key": ""
              }
            ],
            "force_delete": null,
            "id": "backend",
            "image_scanning_configuration": [
              {
                "scan_on_push": false
              }
            ],
            "image_tag_mutability": "MUTABLE",
            "name": "backend",
            "registry_id": "084375555299",
            "repository_url": "084375555299.dkr.ecr.us-east-1.amazonaws.com/backend",
            "tags": {
              "Name": "ninhnh-vti-ecr"
            },
            "tags_all": {
              "Name": "ninhnh-vti-ecr"
            },
            "timeouts": null
          },
          "sensitive_attributes": [],
          "private": "eyJlMmJmYjczMC1lY2FhLTExZTYtOGY4OC0zNDM2M2JjN2M0YzAiOnsiZGVsZXRlIjoxMjAwMDAwMDAwMDAwfX0="
        }
      ]
    },
    {
      "mode": "managed",
      "type": "aws_eks_cluster",
      "name": "my_cluster",
      "provider": "provider[\"registry.terraform.io/hashicorp/aws\"]",
      "instances": [
        {
          "schema_version": 1,
          "attributes": {
            "access_config": [
              {
                "authentication_mode": "CONFIG_MAP",
                "bootstrap_cluster_creator_admin_permissions": true
              }
            ],
            "arn": "arn:aws:eks:us-east-1:084375555299:cluster/ninhnh-vti-cluster",
            "bootstrap_self_managed_addons": true,
            "certificate_authority": [
              {
                "data": "LS0tLS1CRUdJTiBDRVJUSUZJQ0FURS0tLS0tCk1JSURCVENDQWUyZ0F3SUJBZ0lJQ3ArZ2RDWHlsT013RFFZSktvWklodmNOQVFFTEJRQXdGVEVUTUJFR0ExVUUKQXhNS2EzVmlaWEp1WlhSbGN6QWVGdzB5TkRFd01qUXdNalV6TURSYUZ3MHpOREV3TWpJd01qVTRNRFJhTUJVeApFekFSQmdOVkJBTVRDbXQxWW1WeWJtVjBaWE13Z2dFaU1BMEdDU3FHU0liM0RRRUJBUVVBQTRJQkR3QXdnZ0VLCkFvSUJBUURiQzVqMkpTZk9XK3BRRmZ6TlUzVHByTStTa3EwRXc1bXVNR1g2d0xuVWx3aTNaTy9tQXp3QVY4dWUKRE11S3lkZTlFNWlmWCtIY3dpVTRHSC9KSjdJOGl2RElVbjMyOFpBVmJYbkVMcWhVeERlVHd5ZVpsanpRaVlERApsK3R5N05Db3JjQ3NjT0R5SzcyTm85R2NTcTlFMkFWS01UYjV2NVNLNVN4U1c5amE0MzY3NGI5aHVRZUJQelFLCmdHcHB2QSs5NlUwUHYzS092SVpLK0lhNE9zcy9DY2s4dzBKRXlCOXgwMDRqdlg0R2RZVlhWaklseGU1Z281RVkKSy9iMXdGRkIza2czVHRXZzhRUkZzSUNHcDVsN2FGTFpPaW5rNUNJQ1QxajNGQUpWTVVTYzg0dFNNU3IxMU1pagozL0xoclF3eHJLOHZ6cm5oSThwc1JIa0NFU1BKQWdNQkFBR2pXVEJYTUE0R0ExVWREd0VCL3dRRUF3SUNwREFQCkJnTlZIUk1CQWY4RUJUQURBUUgvTUIwR0ExVWREZ1FXQkJSZGpFWktqVWhTdHg1QmJmTXJvejVkKzlmZVJ6QVYKQmdOVkhSRUVEakFNZ2dwcmRXSmxjbTVsZEdWek1BMEdDU3FHU0liM0RRRUJDd1VBQTRJQkFRQXBhZ2p1eE1BTQpuNUtNNllBK1U2THdBUjdKYmFQTHBJNnFNZ1dlNldmaHEvNVp5YVFZYjd3cHN4M1VWRTRvaTZKRk5tQXQ5ZlFNCkNwVzZlY2VmS2FGaVdORHhPb2VLV0RhQzAvbGt4NzVSd1Z0cGhLcXB4d3p0S2hoOTNXbTUwR1hvYXBNcUR4ZHUKekxNY2J6UkFvejdVc1FSaXAzMHVGNFhzZTNySm5sK1lpZjNvNG9paUJOTTdYaU11RjhoN2F4WXM0MFloRWJUUQovaGVJODY1OTV6dzJHV291RGpXdnRobld6M2R1WXI4ZUVibEdtQ2RSQnVrSjJGUTZoUGR4eHdBVS8zUnRxRURWCkpnZjk4d2ZDTHNiNXhoT0hjeHFOV2JTWUkzeTZuVlBMaWZKRDZqNEpvVFoyYUJUQ3pFZ243YnI2VGhIa2NGNCsKNkRFeVkwUXlxNElxCi0tLS0tRU5EIENFUlRJRklDQVRFLS0tLS0K"
              }
            ],
            "cluster_id": null,
            "created_at": "2024-10-24T02:53:04Z",
            "enabled_cluster_log_types": [],
            "encryption_config": [],
            "endpoint": "https://7CA2F012320F9577844B70AF1AB42EFE.sk1.us-east-1.eks.amazonaws.com",
            "id": "ninhnh-vti-cluster",
            "identity": [
              {
                "oidc": [
                  {
                    "issuer": "https://oidc.eks.us-east-1.amazonaws.com/id/7CA2F012320F9577844B70AF1AB42EFE"
                  }
                ]
              }
            ],
            "kubernetes_network_config": [
              {
                "ip_family": "ipv4",
                "service_ipv4_cidr": "172.20.0.0/16",
                "service_ipv6_cidr": ""
              }
            ],
            "name": "ninhnh-vti-cluster",
            "outpost_config": [],
            "platform_version": "eks.6",
            "role_arn": "arn:aws:iam::084375555299:role/eks_cluster_role",
            "status": "ACTIVE",
            "tags": {
              "Name": "ninhnh-vti-cluster"
            },
            "tags_all": {
              "Name": "ninhnh-vti-cluster"
            },
            "timeouts": null,
            "upgrade_policy": [
              {
                "support_type": "EXTENDED"
              }
            ],
            "version": "1.31",
            "vpc_config": [
              {
                "cluster_security_group_id": "sg-01a2f5af381afed1c",
                "endpoint_private_access": false,
                "endpoint_public_access": true,
                "public_access_cidrs": [
                  "0.0.0.0/0"
                ],
                "security_group_ids": [],
                "subnet_ids": [
                  "subnet-055660945d0607ddb",
                  "subnet-097c8768d9f2e6cdd"
                ],
                "vpc_id": "vpc-04648d57b700f92bb"
              }
            ]
          },
          "sensitive_attributes": [],
          "private": "eyJlMmJmYjczMC1lY2FhLTExZTYtOGY4OC0zNDM2M2JjN2M0YzAiOnsiY3JlYXRlIjoxODAwMDAwMDAwMDAwLCJkZWxldGUiOjkwMDAwMDAwMDAwMCwidXBkYXRlIjozNjAwMDAwMDAwMDAwfSwic2NoZW1hX3ZlcnNpb24iOiIxIn0=",
          "dependencies": [
            "aws_iam_role.eks_cluster_role",
            "aws_subnet.public_subnet",
            "aws_vpc.default",
            "data.aws_availability_zones.available"
          ]
        }
      ]
    },
    {
      "mode": "managed",
      "type": "aws_iam_role",
      "name": "eks_cluster_role",
      "provider": "provider[\"registry.terraform.io/hashicorp/aws\"]",
      "instances": [
        {
          "schema_version": 0,
          "attributes": {
            "arn": "arn:aws:iam::084375555299:role/eks_cluster_role",
            "assume_role_policy": "{\"Statement\":[{\"Action\":\"sts:AssumeRole\",\"Effect\":\"Allow\",\"Principal\":{\"Service\":\"eks.amazonaws.com\"},\"Sid\":\"\"}],\"Version\":\"2012-10-17\"}",
            "create_date": "2024-10-24T02:52:33Z",
            "description": "",
            "force_detach_policies": false,
            "id": "eks_cluster_role",
            "inline_policy": [],
            "managed_policy_arns": [],
            "max_session_duration": 3600,
            "name": "eks_cluster_role",
            "name_prefix": "",
            "path": "/",
            "permissions_boundary": "",
            "tags": {
              "Name": "ninhnh-vti-eks-cluster-role"
            },
            "tags_all": {
              "Name": "ninhnh-vti-eks-cluster-role"
            },
            "unique_id": "AROARHJJMZTRYBAJBWPMP"
          },
          "sensitive_attributes": [],
          "private": "bnVsbA=="
        }
      ]
    },
    {
      "mode": "managed",
      "type": "aws_internet_gateway",
      "name": "default",
      "provider": "provider[\"registry.terraform.io/hashicorp/aws\"]",
      "instances": [
        {
          "schema_version": 0,
          "attributes": {
            "arn": "arn:aws:ec2:us-east-1:084375555299:internet-gateway/igw-091af1ba847bedf42",
            "id": "igw-091af1ba847bedf42",
            "owner_id": "084375555299",
            "tags": {
              "Name": "ninhnh-vti-internet-gateway"
            },
            "tags_all": {
              "Name": "ninhnh-vti-internet-gateway"
            },
            "timeouts": null,
            "vpc_id": "vpc-04648d57b700f92bb"
          },
          "sensitive_attributes": [],
          "private": "eyJlMmJmYjczMC1lY2FhLTExZTYtOGY4OC0zNDM2M2JjN2M0YzAiOnsiY3JlYXRlIjoxMjAwMDAwMDAwMDAwLCJkZWxldGUiOjEyMDAwMDAwMDAwMDAsInVwZGF0ZSI6MTIwMDAwMDAwMDAwMH19",
          "dependencies": [
            "aws_vpc.default"
          ]
        }
      ]
    },
    {
      "mode": "managed",
      "type": "aws_route_table",
      "name": "public",
      "provider": "provider[\"registry.terraform.io/hashicorp/aws\"]",
      "instances": [
        {
          "schema_version": 0,
          "attributes": {
            "arn": "arn:aws:ec2:us-east-1:084375555299:route-table/rtb-0fb081f012d0ceab9",
            "id": "rtb-0fb081f012d0ceab9",
            "owner_id": "084375555299",
            "propagating_vgws": [],
            "route": [
              {
                "carrier_gateway_id": "",
                "cidr_block": "0.0.0.0/0",
                "core_network_arn": "",
                "destination_prefix_list_id": "",
                "egress_only_gateway_id": "",
                "gateway_id": "igw-091af1ba847bedf42",
                "ipv6_cidr_block": "",
                "local_gateway_id": "",
                "nat_gateway_id": "",
                "network_interface_id": "",
                "transit_gateway_id": "",
                "vpc_endpoint_id": "",
                "vpc_peering_connection_id": ""
              }
            ],
            "tags": {
              "Name": "public_route_table"
            },
            "tags_all": {
              "Name": "public_route_table"
            },
            "timeouts": null,
            "vpc_id": "vpc-04648d57b700f92bb"
          },
          "sensitive_attributes": [],
          "private": "eyJlMmJmYjczMC1lY2FhLTExZTYtOGY4OC0zNDM2M2JjN2M0YzAiOnsiY3JlYXRlIjozMDAwMDAwMDAwMDAsImRlbGV0ZSI6MzAwMDAwMDAwMDAwLCJ1cGRhdGUiOjEyMDAwMDAwMDAwMH19",
          "dependencies": [
            "aws_internet_gateway.default",
            "aws_vpc.default"
          ]
        }
      ]
    },
    {
      "mode": "managed",
      "type": "aws_route_table_association",
      "name": "public_subnet_association",
      "provider": "provider[\"registry.terraform.io/hashicorp/aws\"]",
      "instances": [
        {
          "index_key": 0,
          "schema_version": 0,
          "attributes": {
            "gateway_id": "",
            "id": "rtbassoc-0a871c40cbc46c288",
            "route_table_id": "rtb-0fb081f012d0ceab9",
            "subnet_id": "subnet-097c8768d9f2e6cdd",
            "timeouts": null
          },
          "sensitive_attributes": [],
          "private": "eyJlMmJmYjczMC1lY2FhLTExZTYtOGY4OC0zNDM2M2JjN2M0YzAiOnsiY3JlYXRlIjozMDAwMDAwMDAwMDAsImRlbGV0ZSI6MzAwMDAwMDAwMDAwLCJ1cGRhdGUiOjEyMDAwMDAwMDAwMH19",
          "dependencies": [
            "aws_internet_gateway.default",
            "aws_route_table.public",
            "aws_subnet.public_subnet",
            "aws_vpc.default",
            "data.aws_availability_zones.available"
          ]
        },
        {
          "index_key": 1,
          "schema_version": 0,
          "attributes": {
            "gateway_id": "",
            "id": "rtbassoc-07bc515af9bf919bd",
            "route_table_id": "rtb-0fb081f012d0ceab9",
            "subnet_id": "subnet-055660945d0607ddb",
            "timeouts": null
          },
          "sensitive_attributes": [],
          "private": "eyJlMmJmYjczMC1lY2FhLTExZTYtOGY4OC0zNDM2M2JjN2M0YzAiOnsiY3JlYXRlIjozMDAwMDAwMDAwMDAsImRlbGV0ZSI6MzAwMDAwMDAwMDAwLCJ1cGRhdGUiOjEyMDAwMDAwMDAwMH19",
          "dependencies": [
            "aws_internet_gateway.default",
            "aws_route_table.public",
            "aws_subnet.public_subnet",
            "aws_vpc.default",
            "data.aws_availability_zones.available"
          ]
        }
      ]
    },
    {
      "mode": "managed",
      "type": "aws_s3_bucket",
      "name": "static_site",
      "provider": "provider[\"registry.terraform.io/hashicorp/aws\"]",
      "instances": [
        {
          "schema_version": 0,
          "attributes": {
            "acceleration_status": "",
            "acl": null,
            "arn": "arn:aws:s3:::ninhnh-vti-bucket-static-web",
            "bucket": "ninhnh-vti-bucket-static-web",
            "bucket_domain_name": "ninhnh-vti-bucket-static-web.s3.amazonaws.com",
            "bucket_prefix": "",
            "bucket_regional_domain_name": "ninhnh-vti-bucket-static-web.s3.us-east-1.amazonaws.com",
            "cors_rule": [],
            "force_destroy": false,
            "grant": [
              {
                "id": "685c8c8717dac821c1c9cd46427941a30d2d1a7d7d8d5ff331d2832bffd043bc",
                "permissions": [
                  "FULL_CONTROL"
                ],
                "type": "CanonicalUser",
                "uri": ""
              }
            ],
            "hosted_zone_id": "Z3AQBSTGFYJSTF",
            "id": "ninhnh-vti-bucket-static-web",
            "lifecycle_rule": [],
            "logging": [],
            "object_lock_configuration": [],
            "object_lock_enabled": false,
            "policy": "",
            "region": "us-east-1",
            "replication_configuration": [],
            "request_payer": "BucketOwner",
            "server_side_encryption_configuration": [
              {
                "rule": [
                  {
                    "apply_server_side_encryption_by_default": [
                      {
                        "kms_master_key_id": "",
                        "sse_algorithm": "AES256"
                      }
                    ],
                    "bucket_key_enabled": false
                  }
                ]
              }
            ],
            "tags": {
              "Name": "ninhnh-vti-static-site-bucket"
            },
            "tags_all": {
              "Name": "ninhnh-vti-static-site-bucket"
            },
            "timeouts": null,
            "versioning": [
              {
                "enabled": false,
                "mfa_delete": false
              }
            ],
            "website": [
              {
                "error_document": "",
                "index_document": "index.html",
                "redirect_all_requests_to": "",
                "routing_rules": ""
              }
            ],
            "website_domain": "s3-website-us-east-1.amazonaws.com",
            "website_endpoint": "ninhnh-vti-bucket-static-web.s3-website-us-east-1.amazonaws.com"
          },
          "sensitive_attributes": [],
          "private": "eyJlMmJmYjczMC1lY2FhLTExZTYtOGY4OC0zNDM2M2JjN2M0YzAiOnsiY3JlYXRlIjoxMjAwMDAwMDAwMDAwLCJkZWxldGUiOjM2MDAwMDAwMDAwMDAsInJlYWQiOjEyMDAwMDAwMDAwMDAsInVwZGF0ZSI6MTIwMDAwMDAwMDAwMH19"
        }
      ]
    },
    {
      "mode": "managed",
      "type": "aws_s3_bucket_website_configuration",
      "name": "static_site_config",
      "provider": "provider[\"registry.terraform.io/hashicorp/aws\"]",
      "instances": [
        {
          "schema_version": 0,
          "attributes": {
            "bucket": "ninhnh-vti-bucket-static-web",
            "error_document": [],
            "expected_bucket_owner": "",
            "id": "ninhnh-vti-bucket-static-web",
            "index_document": [
              {
                "suffix": "index.html"
              }
            ],
            "redirect_all_requests_to": [],
            "routing_rule": [],
            "routing_rules": "",
            "website_domain": "s3-website-us-east-1.amazonaws.com",
            "website_endpoint": "ninhnh-vti-bucket-static-web.s3-website-us-east-1.amazonaws.com"
          },
          "sensitive_attributes": [],
          "private": "bnVsbA==",
          "dependencies": [
            "aws_s3_bucket.static_site"
          ]
        }
      ]
    },
    {
      "mode": "managed",
      "type": "aws_ssm_parameter",
      "name": "db_password",
      "provider": "provider[\"registry.terraform.io/hashicorp/aws\"]",
      "instances": [
        {
          "schema_version": 0,
          "attributes": {
            "allowed_pattern": "",
            "arn": "arn:aws:ssm:us-east-1:084375555299:parameter/ninhnh/db_password",
            "data_type": "text",
            "description": "Password for PostgreSQL database",
            "id": "/ninhnh/db_password",
            "insecure_value": null,
            "key_id": "alias/aws/ssm",
            "name": "/ninhnh/db_password",
            "overwrite": null,
            "tags": {},
            "tags_all": {},
            "tier": "Standard",
            "type": "SecureString",
            "value": "ninhdangcap123",
            "version": 1
          },
          "sensitive_attributes": [
            [
              {
                "type": "get_attr",
                "value": "value"
              }
            ]
          ],
          "private": "bnVsbA=="
        }
      ]
    },
    {
      "mode": "managed",
      "type": "aws_ssm_parameter",
      "name": "db_username",
      "provider": "provider[\"registry.terraform.io/hashicorp/aws\"]",
      "instances": [
        {
          "schema_version": 0,
          "attributes": {
            "allowed_pattern": "",
            "arn": "arn:aws:ssm:us-east-1:084375555299:parameter/ninhnh/db_username",
            "data_type": "text",
            "description": "Username for PostgreSQL database",
            "id": "/ninhnh/db_username",
            "insecure_value": null,
            "key_id": "alias/aws/ssm",
            "name": "/ninhnh/db_username",
            "overwrite": null,
            "tags": {},
            "tags_all": {},
            "tier": "Standard",
            "type": "SecureString",
            "value": "postgres",
            "version": 1
          },
          "sensitive_attributes": [
            [
              {
                "type": "get_attr",
                "value": "value"
              }
            ]
          ],
          "private": "bnVsbA=="
        }
      ]
    },
    {
      "mode": "managed",
      "type": "aws_subnet",
      "name": "public_subnet",
      "provider": "provider[\"registry.terraform.io/hashicorp/aws\"]",
      "instances": [
        {
          "index_key": 0,
          "schema_version": 1,
          "attributes": {
            "arn": "arn:aws:ec2:us-east-1:084375555299:subnet/subnet-097c8768d9f2e6cdd",
            "assign_ipv6_address_on_creation": false,
            "availability_zone": "us-east-1a",
            "availability_zone_id": "use1-az4",
            "cidr_block": "10.0.0.0/24",
            "customer_owned_ipv4_pool": "",
            "enable_dns64": false,
            "enable_lni_at_device_index": 0,
            "enable_resource_name_dns_a_record_on_launch": false,
            "enable_resource_name_dns_aaaa_record_on_launch": false,
            "id": "subnet-097c8768d9f2e6cdd",
            "ipv6_cidr_block": "",
            "ipv6_cidr_block_association_id": "",
            "ipv6_native": false,
            "map_customer_owned_ip_on_launch": false,
            "map_public_ip_on_launch": true,
            "outpost_arn": "",
            "owner_id": "084375555299",
            "private_dns_hostname_type_on_launch": "ip-name",
            "tags": {
              "Name": "ninhnh-vti-public-subnet-0"
            },
            "tags_all": {
              "Name": "ninhnh-vti-public-subnet-0"
            },
            "timeouts": null,
            "vpc_id": "vpc-04648d57b700f92bb"
          },
          "sensitive_attributes": [],
          "private": "eyJlMmJmYjczMC1lY2FhLTExZTYtOGY4OC0zNDM2M2JjN2M0YzAiOnsiY3JlYXRlIjo2MDAwMDAwMDAwMDAsImRlbGV0ZSI6MTIwMDAwMDAwMDAwMH0sInNjaGVtYV92ZXJzaW9uIjoiMSJ9",
          "dependencies": [
            "aws_vpc.default",
            "data.aws_availability_zones.available"
          ]
        },
        {
          "index_key": 1,
          "schema_version": 1,
          "attributes": {
            "arn": "arn:aws:ec2:us-east-1:084375555299:subnet/subnet-055660945d0607ddb",
            "assign_ipv6_address_on_creation": false,
            "availability_zone": "us-east-1b",
            "availability_zone_id": "use1-az6",
            "cidr_block": "10.0.1.0/24",
            "customer_owned_ipv4_pool": "",
            "enable_dns64": false,
            "enable_lni_at_device_index": 0,
            "enable_resource_name_dns_a_record_on_launch": false,
            "enable_resource_name_dns_aaaa_record_on_launch": false,
            "id": "subnet-055660945d0607ddb",
            "ipv6_cidr_block": "",
            "ipv6_cidr_block_association_id": "",
            "ipv6_native": false,
            "map_customer_owned_ip_on_launch": false,
            "map_public_ip_on_launch": true,
            "outpost_arn": "",
            "owner_id": "084375555299",
            "private_dns_hostname_type_on_launch": "ip-name",
            "tags": {
              "Name": "ninhnh-vti-public-subnet-1"
            },
            "tags_all": {
              "Name": "ninhnh-vti-public-subnet-1"
            },
            "timeouts": null,
            "vpc_id": "vpc-04648d57b700f92bb"
          },
          "sensitive_attributes": [],
          "private": "eyJlMmJmYjczMC1lY2FhLTExZTYtOGY4OC0zNDM2M2JjN2M0YzAiOnsiY3JlYXRlIjo2MDAwMDAwMDAwMDAsImRlbGV0ZSI6MTIwMDAwMDAwMDAwMH0sInNjaGVtYV92ZXJzaW9uIjoiMSJ9",
          "dependencies": [
            "aws_vpc.default",
            "data.aws_availability_zones.available"
          ]
        }
      ]
    },
    {
      "mode": "managed",
      "type": "aws_vpc",
      "name": "default",
      "provider": "provider[\"registry.terraform.io/hashicorp/aws\"]",
      "instances": [
        {
          "schema_version": 1,
          "attributes": {
            "arn": "arn:aws:ec2:us-east-1:084375555299:vpc/vpc-04648d57b700f92bb",
            "assign_generated_ipv6_cidr_block": false,
            "cidr_block": "10.0.0.0/16",
            "default_network_acl_id": "acl-079feac10afb0b386",
            "default_route_table_id": "rtb-00a5ea3e8f41a8131",
            "default_security_group_id": "sg-0d22bc2ba68e2453a",
            "dhcp_options_id": "dopt-0063d84fb3540108d",
            "enable_dns_hostnames": true,
            "enable_dns_support": true,
            "enable_network_address_usage_metrics": false,
            "id": "vpc-04648d57b700f92bb",
            "instance_tenancy": "default",
            "ipv4_ipam_pool_id": null,
            "ipv4_netmask_length": null,
            "ipv6_association_id": "",
            "ipv6_cidr_block": "",
            "ipv6_cidr_block_network_border_group": "",
            "ipv6_ipam_pool_id": "",
            "ipv6_netmask_length": 0,
            "main_route_table_id": "rtb-00a5ea3e8f41a8131",
            "owner_id": "084375555299",
            "tags": {
              "Name": "ninhnh-vti-vpc"
            },
            "tags_all": {
              "Name": "ninhnh-vti-vpc"
            }
          },
          "sensitive_attributes": [],
          "private": "eyJzY2hlbWFfdmVyc2lvbiI6IjEifQ=="
        }
      ]
    }
  ],
  "check_results": null
}
