{
  "version": 4,
  "terraform_version": "1.9.7",
  "serial": 147,
  "lineage": "e9005a69-f7f6-e2cd-797c-be149455675c",
  "outputs": {
    "ecr_repository_url": {
      "value": "084375555299.dkr.ecr.us-east-1.amazonaws.com/backend",
      "type": "string"
    },
    "eks_cluster_endpoint": {
      "value": "https://7CA2F012320F9577844B70AF1AB42EFE.sk1.us-east-1.eks.amazonaws.com",
      "type": "string"
    },
    "eks_cluster_name": {
      "value": "ninhnh-vti-cluster",
      "type": "string"
    },
    "public_subnets": {
      "value": [
        "subnet-097c8768d9f2e6cdd",
        "subnet-055660945d0607ddb"
      ],
      "type": [
        "tuple",
        [
          "string",
          "string"
        ]
      ]
    },
    "rds_endpoint": {
      "value": "terraform-20241024033946277900000002.cfwoy6guyqmd.us-east-1.rds.amazonaws.com:5432",
      "type": "string"
    },
    "rds_instance_endpoint": {
      "value": "terraform-20241024033946277900000002.cfwoy6guyqmd.us-east-1.rds.amazonaws.com:5432",
      "type": "string"
    },
    "s3_bucket_website_url": {
      "value": "ninhnh-vti-bucket-static-web.s3-website-us-east-1.amazonaws.com",
      "type": "string"
    }
  },
  "resources": [
    {
      "mode": "data",
      "type": "aws_availability_zones",
      "name": "available",
      "provider": "provider[\"registry.terraform.io/hashicorp/aws\"]",
      "instances": [
        {
          "schema_version": 0,
          "attributes": {
            "all_availability_zones": null,
            "exclude_names": null,
            "exclude_zone_ids": null,
            "filter": null,
            "group_names": [
              "us-east-1"
            ],
            "id": "us-east-1",
            "names": [
              "us-east-1a",
              "us-east-1b",
              "us-east-1c",
              "us-east-1d",
              "us-east-1e",
              "us-east-1f"
            ],
            "state": null,
            "timeouts": null,
            "zone_ids": [
              "use1-az4",
              "use1-az6",
              "use1-az1",
              "use1-az2",
              "use1-az3",
              "use1-az5"
            ]
          },
          "sensitive_attributes": []
        }
      ]
    },
    {
      "mode": "data",
      "type": "aws_ssm_parameter",
      "name": "db_password",
      "provider": "provider[\"registry.terraform.io/hashicorp/aws\"]",
      "instances": [
        {
          "schema_version": 0,
          "attributes": {
            "arn": "arn:aws:ssm:us-east-1:084375555299:parameter/ninhnh/db_password",
            "id": "/ninhnh/db_password",
            "insecure_value": "",
            "name": "/ninhnh/db_password",
            "type": "SecureString",
            "value": "ninhdangcap123",
            "version": 1,
            "with_decryption": true
          },
          "sensitive_attributes": [
            [
              {
                "type": "get_attr",
                "value": "value"
              }
            ]
          ]
        }
      ]
    },
    {
      "mode": "data",
      "type": "aws_ssm_parameter",
      "name": "db_username",
      "provider": "provider[\"registry.terraform.io/hashicorp/aws\"]",
      "instances": [
        {
          "schema_version": 0,
          "attributes": {
            "arn": "arn:aws:ssm:us-east-1:084375555299:parameter/ninhnh/db_username",
            "id": "/ninhnh/db_username",
            "insecure_value": "",
            "name": "/ninhnh/db_username",
            "type": "SecureString",
            "value": "postgres",
            "version": 1,
            "with_decryption": true
          },
          "sensitive_attributes": [
            [
              {
                "type": "get_attr",
                "value": "value"
              }
            ]
          ]
        }
      ]
    },
    {
      "mode": "managed",
      "type": "aws_db_instance",
      "name": "default",
      "provider": "provider[\"registry.terraform.io/hashicorp/aws\"]",
      "instances": [
        {
          "schema_version": 2,
          "attributes": {
            "address": "terraform-20241024033946277900000002.cfwoy6guyqmd.us-east-1.rds.amazonaws.com",
            "allocated_storage": 20,
            "allow_major_version_upgrade": null,
            "apply_immediately": false,
            "arn": "arn:aws:rds:us-east-1:084375555299:db:terraform-20241024033946277900000002",
            "auto_minor_version_upgrade": true,
            "availability_zone": "us-east-1a",
            "backup_retention_period": 0,
            "backup_target": "region",
            "backup_window": "10:30-11:00",
            "blue_green_update": [],
            "ca_cert_identifier": "rds-ca-rsa2048-g1",
            "character_set_name": "",
            "copy_tags_to_snapshot": false,
            "custom_iam_instance_profile": "",
            "customer_owned_ip_enabled": false,
            "db_name": "postgres",
            "db_subnet_group_name": "default-subnet-group",
            "dedicated_log_volume": false,
            "delete_automated_backups": true,
            "deletion_protection": false,
            "domain": "",
            "domain_auth_secret_arn": "",
            "domain_dns_ips": [],
            "domain_fqdn": "",
            "domain_iam_role_name": "",
            "domain_ou": "",
            "enabled_cloudwatch_logs_exports": [],
            "endpoint": "terraform-20241024033946277900000002.cfwoy6guyqmd.us-east-1.rds.amazonaws.com:5432",
            "engine": "postgres",
            "engine_lifecycle_support": "open-source-rds-extended-support",
            "engine_version": "16.3",
            "engine_version_actual": "16.3",
            "final_snapshot_identifier": null,
            "hosted_zone_id": "Z2R2ITUGPM61AM",
            "iam_database_authentication_enabled": false,
            "id": "db-SYAURV5TKJV65VEV6WZUSXIZYI",
            "identifier": "terraform-20241024033946277900000002",
            "identifier_prefix": "terraform-",
            "instance_class": "db.t4g.micro",
            "iops": 0,
            "kms_key_id": "",
            "latest_restorable_time": "",
            "license_model": "postgresql-license",
            "listener_endpoint": [],
            "maintenance_window": "mon:06:02-mon:06:32",
            "manage_master_user_password": null,
            "master_user_secret": [],
            "master_user_secret_kms_key_id": null,
            "max_allocated_storage": 0,
            "monitoring_interval": 0,
            "monitoring_role_arn": "",
            "multi_az": false,
            "nchar_character_set_name": "",
            "network_type": "IPV4",
            "option_group_name": "default:postgres-16",
            "parameter_group_name": "default.postgres16",
            "password": "ninhdangcap123",
            "performance_insights_enabled": false,
            "performance_insights_kms_key_id": "",
            "performance_insights_retention_period": 0,
            "port": 5432,
            "publicly_accessible": true,
            "replica_mode": "",
            "replicas": [],
            "replicate_source_db": "",
            "resource_id": "db-SYAURV5TKJV65VEV6WZUSXIZYI",
            "restore_to_point_in_time": [],
            "s3_import": [],
            "skip_final_snapshot": true,
            "snapshot_identifier": null,
            "status": "available",
            "storage_encrypted": false,
            "storage_throughput": 0,
            "storage_type": "gp2",
            "tags": {
              "Name": "ninhnh-vti-postgres-db-instance"
            },
            "tags_all": {
              "Name": "ninhnh-vti-postgres-db-instance"
            },
            "timeouts": null,
            "timezone": "",
            "upgrade_storage_config": null,
            "username": "postgres",
            "vpc_security_group_ids": [
              "sg-0ec803373d3143cf9"
            ]
          },
          "sensitive_attributes": [
            [
              {
                "type": "get_attr",
                "value": "username"
              }
            ],
            [
              {
                "type": "get_attr",
                "value": "password"
              }
            ]
          ],
          "private": "eyJlMmJmYjczMC1lY2FhLTExZTYtOGY4OC0zNDM2M2JjN2M0YzAiOnsiY3JlYXRlIjoyNDAwMDAwMDAwMDAwLCJkZWxldGUiOjM2MDAwMDAwMDAwMDAsInVwZGF0ZSI6NDgwMDAwMDAwMDAwMH0sInNjaGVtYV92ZXJzaW9uIjoiMiJ9",
          "dependencies": [
            "aws_db_subnet_group.default",
            "aws_security_group.default",
            "aws_ssm_parameter.db_password",
            "aws_ssm_parameter.db_username",
            "aws_subnet.public_subnet",
            "aws_vpc.default",
            "data.aws_availability_zones.available",
            "data.aws_ssm_parameter.db_password",
            "data.aws_ssm_parameter.db_username"
          ]
        }
      ]
    },
    {
      "mode": "managed",
      "type": "aws_db_subnet_group",
      "name": "default",
      "provider": "provider[\"registry.terraform.io/hashicorp/aws\"]",
      "instances": [
        {
          "schema_version": 0,
          "attributes": {
            "arn": "arn:aws:rds:us-east-1:084375555299:subgrp:default-subnet-group",
            "description": "Managed by Terraform",
            "id": "default-subnet-group",
            "name": "default-subnet-group",
            "name_prefix": "",
            "subnet_ids": [
              "subnet-055660945d0607ddb",
              "subnet-097c8768d9f2e6cdd"
            ],
            "supported_network_types": [
              "IPV4"
            ],
            "tags": {
              "Name": "ninhnh-vti-rds-subnet-group"
            },
            "tags_all": {
              "Name": "ninhnh-vti-rds-subnet-group"
            },
            "vpc_id": "vpc-04648d57b700f92bb"
          },
          "sensitive_attributes": [],
          "private": "bnVsbA==",
          "dependencies": [
            "aws_subnet.public_subnet",
            "aws_vpc.default",
            "data.aws_availability_zones.available"
          ]
        }
      ]
    },
    {
      "mode": "managed",
      "type": "aws_ecr_repository",
      "name": "my_ecr",
      "provider": "provider[\"registry.terraform.io/hashicorp/aws\"]",
      "instances": [
        {
          "schema_version": 0,
          "attributes": {
            "arn": "arn:aws:ecr:us-east-1:084375555299:repository/backend",
            "encryption_configuration": [
              {
                "encryption_type": "AES256",
                "kms_key": ""
              }
            ],
            "force_delete": null,
            "id": "backend",
            "image_scanning_configuration": [
              {
                "scan_on_push": false
              }
            ],
            "image_tag_mutability": "MUTABLE",
            "name": "backend",
            "registry_id": "084375555299",
            "repository_url": "084375555299.dkr.ecr.us-east-1.amazonaws.com/backend",
            "tags": {
              "Name": "ninhnh-vti-ecr"
            },
            "tags_all": {
              "Name": "ninhnh-vti-ecr"
            },
            "timeouts": null
          },
          "sensitive_attributes": [],
          "private": "eyJlMmJmYjczMC1lY2FhLTExZTYtOGY4OC0zNDM2M2JjN2M0YzAiOnsiZGVsZXRlIjoxMjAwMDAwMDAwMDAwfX0="
        }
      ]
    },
    {
      "mode": "managed",
      "type": "aws_eks_cluster",
      "name": "my_cluster",
      "provider": "provider[\"registry.terraform.io/hashicorp/aws\"]",
      "instances": [
        {
          "schema_version": 1,
          "attributes": {
            "access_config": [
              {
                "authentication_mode": "CONFIG_MAP",
                "bootstrap_cluster_creator_admin_permissions": true
              }
            ],
            "arn": "arn:aws:eks:us-east-1:084375555299:cluster/ninhnh-vti-cluster",
            "bootstrap_self_managed_addons": true,
            "certificate_authority": [
              {
                "data": "LS0tLS1CRUdJTiBDRVJUSUZJQ0FURS0tLS0tCk1JSURCVENDQWUyZ0F3SUJBZ0lJQ3ArZ2RDWHlsT013RFFZSktvWklodmNOQVFFTEJRQXdGVEVUTUJFR0ExVUUKQXhNS2EzVmlaWEp1WlhSbGN6QWVGdzB5TkRFd01qUXdNalV6TURSYUZ3MHpOREV3TWpJd01qVTRNRFJhTUJVeApFekFSQmdOVkJBTVRDbXQxWW1WeWJtVjBaWE13Z2dFaU1BMEdDU3FHU0liM0RRRUJBUVVBQTRJQkR3QXdnZ0VLCkFvSUJBUURiQzVqMkpTZk9XK3BRRmZ6TlUzVHByTStTa3EwRXc1bXVNR1g2d0xuVWx3aTNaTy9tQXp3QVY4dWUKRE11S3lkZTlFNWlmWCtIY3dpVTRHSC9KSjdJOGl2RElVbjMyOFpBVmJYbkVMcWhVeERlVHd5ZVpsanpRaVlERApsK3R5N05Db3JjQ3NjT0R5SzcyTm85R2NTcTlFMkFWS01UYjV2NVNLNVN4U1c5amE0MzY3NGI5aHVRZUJQelFLCmdHcHB2QSs5NlUwUHYzS092SVpLK0lhNE9zcy9DY2s4dzBKRXlCOXgwMDRqdlg0R2RZVlhWaklseGU1Z281RVkKSy9iMXdGRkIza2czVHRXZzhRUkZzSUNHcDVsN2FGTFpPaW5rNUNJQ1QxajNGQUpWTVVTYzg0dFNNU3IxMU1pagozL0xoclF3eHJLOHZ6cm5oSThwc1JIa0NFU1BKQWdNQkFBR2pXVEJYTUE0R0ExVWREd0VCL3dRRUF3SUNwREFQCkJnTlZIUk1CQWY4RUJUQURBUUgvTUIwR0ExVWREZ1FXQkJSZGpFWktqVWhTdHg1QmJmTXJvejVkKzlmZVJ6QVYKQmdOVkhSRUVEakFNZ2dwcmRXSmxjbTVsZEdWek1BMEdDU3FHU0liM0RRRUJDd1VBQTRJQkFRQXBhZ2p1eE1BTQpuNUtNNllBK1U2THdBUjdKYmFQTHBJNnFNZ1dlNldmaHEvNVp5YVFZYjd3cHN4M1VWRTRvaTZKRk5tQXQ5ZlFNCkNwVzZlY2VmS2FGaVdORHhPb2VLV0RhQzAvbGt4NzVSd1Z0cGhLcXB4d3p0S2hoOTNXbTUwR1hvYXBNcUR4ZHUKekxNY2J6UkFvejdVc1FSaXAzMHVGNFhzZTNySm5sK1lpZjNvNG9paUJOTTdYaU11RjhoN2F4WXM0MFloRWJUUQovaGVJODY1OTV6dzJHV291RGpXdnRobld6M2R1WXI4ZUVibEdtQ2RSQnVrSjJGUTZoUGR4eHdBVS8zUnRxRURWCkpnZjk4d2ZDTHNiNXhoT0hjeHFOV2JTWUkzeTZuVlBMaWZKRDZqNEpvVFoyYUJUQ3pFZ243YnI2VGhIa2NGNCsKNkRFeVkwUXlxNElxCi0tLS0tRU5EIENFUlRJRklDQVRFLS0tLS0K"
              }
            ],
            "cluster_id": null,
            "created_at": "2024-10-24T02:53:04Z",
            "enabled_cluster_log_types": [],
            "encryption_config": [],
            "endpoint": "https://7CA2F012320F9577844B70AF1AB42EFE.sk1.us-east-1.eks.amazonaws.com",
            "id": "ninhnh-vti-cluster",
            "identity": [
              {
                "oidc": [
                  {
                    "issuer": "https://oidc.eks.us-east-1.amazonaws.com/id/7CA2F012320F9577844B70AF1AB42EFE"
                  }
                ]
              }
            ],
            "kubernetes_network_config": [
              {
                "ip_family": "ipv4",
                "service_ipv4_cidr": "172.20.0.0/16",
                "service_ipv6_cidr": ""
              }
            ],
            "name": "ninhnh-vti-cluster",
            "outpost_config": [],
            "platform_version": "eks.6",
            "role_arn": "arn:aws:iam::084375555299:role/eks_cluster_role",
            "status": "ACTIVE",
            "tags": {
              "Name": "ninhnh-vti-cluster"
            },
            "tags_all": {
              "Name": "ninhnh-vti-cluster"
            },
            "timeouts": null,
            "upgrade_policy": [
              {
                "support_type": "EXTENDED"
              }
            ],
            "version": "1.31",
            "vpc_config": [
              {
                "cluster_security_group_id": "sg-01a2f5af381afed1c",
                "endpoint_private_access": false,
                "endpoint_public_access": true,
                "public_access_cidrs": [
                  "0.0.0.0/0"
                ],
                "security_group_ids": [],
                "subnet_ids": [
                  "subnet-055660945d0607ddb",
                  "subnet-097c8768d9f2e6cdd"
                ],
                "vpc_id": "vpc-04648d57b700f92bb"
              }
            ]
          },
          "sensitive_attributes": [],
          "private": "eyJlMmJmYjczMC1lY2FhLTExZTYtOGY4OC0zNDM2M2JjN2M0YzAiOnsiY3JlYXRlIjoxODAwMDAwMDAwMDAwLCJkZWxldGUiOjkwMDAwMDAwMDAwMCwidXBkYXRlIjozNjAwMDAwMDAwMDAwfSwic2NoZW1hX3ZlcnNpb24iOiIxIn0=",
          "dependencies": [
            "aws_iam_role.eks_cluster_role",
            "aws_subnet.public_subnet",
            "aws_vpc.default",
            "data.aws_availability_zones.available"
          ]
        }
      ]
    },
    {
      "mode": "managed",
      "type": "aws_eks_node_group",
      "name": "my_node_group",
      "provider": "provider[\"registry.terraform.io/hashicorp/aws\"]",
      "instances": [
        {
          "status": "tainted",
          "schema_version": 0,
          "attributes": {
            "ami_type": "AL2023_x86_64_STANDARD",
            "arn": "arn:aws:eks:us-east-1:084375555299:nodegroup/ninhnh-vti-cluster/ninhnh-vti-node-group/3ec95edf-cd5b-8cc9-df19-01393cf1d9cd",
            "capacity_type": "ON_DEMAND",
            "cluster_name": "ninhnh-vti-cluster",
            "disk_size": 20,
            "force_update_version": null,
            "id": "ninhnh-vti-cluster:ninhnh-vti-node-group",
            "instance_types": [
              "t3.medium"
            ],
            "labels": {},
            "launch_template": [],
            "node_group_name": "ninhnh-vti-node-group",
            "node_group_name_prefix": "",
            "node_role_arn": "arn:aws:iam::084375555299:role/eks_node_role",
            "release_version": "1.31.0-20241016",
            "remote_access": [],
            "resources": [
              {
                "autoscaling_groups": [
                  {
                    "name": "eks-ninhnh-vti-node-group-3ec95edf-cd5b-8cc9-df19-01393cf1d9cd"
                  }
                ],
                "remote_access_security_group_id": ""
              }
            ],
            "scaling_config": [
              {
                "desired_size": 2,
                "max_size": 3,
                "min_size": 1
              }
            ],
            "status": "CREATE_FAILED",
            "subnet_ids": [
              "subnet-055660945d0607ddb",
              "subnet-097c8768d9f2e6cdd"
            ],
            "tags": {
              "Name": "ninhnh-vti-node-group"
            },
            "tags_all": {
              "Name": "ninhnh-vti-node-group"
            },
            "taint": [],
            "timeouts": null,
            "update_config": [
              {
                "max_unavailable": 1,
                "max_unavailable_percentage": 0
              }
            ],
            "version": "1.31"
          },
          "sensitive_attributes": [],
          "private": "eyJlMmJmYjczMC1lY2FhLTExZTYtOGY4OC0zNDM2M2JjN2M0YzAiOnsiY3JlYXRlIjozNjAwMDAwMDAwMDAwLCJkZWxldGUiOjM2MDAwMDAwMDAwMDAsInVwZGF0ZSI6MzYwMDAwMDAwMDAwMH19",
          "dependencies": [
            "aws_eks_cluster.my_cluster",
            "aws_iam_role.eks_cluster_role",
            "aws_iam_role.eks_node_role",
            "aws_subnet.public_subnet",
            "aws_vpc.default",
            "data.aws_availability_zones.available"
          ]
        }
      ]
    },
    {
      "mode": "managed",
      "type": "aws_iam_role",
      "name": "eks_cluster_role",
      "provider": "provider[\"registry.terraform.io/hashicorp/aws\"]",
      "instances": [
        {
          "schema_version": 0,
          "attributes": {
            "arn": "arn:aws:iam::084375555299:role/eks_cluster_role",
            "assume_role_policy": "{\"Statement\":[{\"Action\":\"sts:AssumeRole\",\"Effect\":\"Allow\",\"Principal\":{\"Service\":\"eks.amazonaws.com\"},\"Sid\":\"\"}],\"Version\":\"2012-10-17\"}",
            "create_date": "2024-10-24T02:52:33Z",
            "description": "",
            "force_detach_policies": false,
            "id": "eks_cluster_role",
            "inline_policy": [],
            "managed_policy_arns": [],
            "max_session_duration": 3600,
            "name": "eks_cluster_role",
            "name_prefix": "",
            "path": "/",
            "permissions_boundary": "",
            "tags": {
              "Name": "ninhnh-vti-eks-cluster-role"
            },
            "tags_all": {
              "Name": "ninhnh-vti-eks-cluster-role"
            },
            "unique_id": "AROARHJJMZTRYBAJBWPMP"
          },
          "sensitive_attributes": [],
          "private": "bnVsbA=="
        }
      ]
    },
    {
      "mode": "managed",
      "type": "aws_iam_role",
      "name": "eks_node_role",
      "provider": "provider[\"registry.terraform.io/hashicorp/aws\"]",
      "instances": [
        {
          "schema_version": 0,
          "attributes": {
            "arn": "arn:aws:iam::084375555299:role/eks_node_role",
            "assume_role_policy": "{\"Statement\":[{\"Action\":\"sts:AssumeRole\",\"Effect\":\"Allow\",\"Principal\":{\"Service\":\"ec2.amazonaws.com\"},\"Sid\":\"\"}],\"Version\":\"2012-10-17\"}",
            "create_date": "2024-10-24T08:19:46Z",
            "description": "",
            "force_detach_policies": false,
            "id": "eks_node_role",
            "inline_policy": [],
            "managed_policy_arns": [
              "arn:aws:iam::aws:policy/AmazonEC2ContainerRegistryReadOnly",
              "arn:aws:iam::aws:policy/AmazonEKSWorkerNodePolicy",
              "arn:aws:iam::aws:policy/AmazonEKS_CNI_Policy"
            ],
            "max_session_duration": 3600,
            "name": "eks_node_role",
            "name_prefix": "",
            "path": "/",
            "permissions_boundary": "",
            "tags": {
              "Name": "ninhnh-vti-eks-node-role"
            },
            "tags_all": {
              "Name": "ninhnh-vti-eks-node-role"
            },
            "unique_id": "AROARHJJMZTR3OZDHQQLI"
          },
          "sensitive_attributes": [],
          "private": "bnVsbA=="
        }
      ]
    },
    {
      "mode": "managed",
      "type": "aws_iam_role_policy_attachment",
      "name": "AmazonEC2ContainerRegistryReadOnly",
      "provider": "provider[\"registry.terraform.io/hashicorp/aws\"]",
      "instances": [
        {
          "schema_version": 0,
          "attributes": {
            "id": "eks_node_role-20241024081946457000000003",
            "policy_arn": "arn:aws:iam::aws:policy/AmazonEC2ContainerRegistryReadOnly",
            "role": "eks_node_role"
          },
          "sensitive_attributes": [],
          "private": "bnVsbA==",
          "dependencies": [
            "aws_iam_role.eks_node_role"
          ]
        }
      ]
    },
    {
      "mode": "managed",
      "type": "aws_iam_role_policy_attachment",
      "name": "AmazonEKSWorkerNodePolicy",
      "provider": "provider[\"registry.terraform.io/hashicorp/aws\"]",
      "instances": [
        {
          "schema_version": 0,
          "attributes": {
            "id": "eks_node_role-20241024085821870000000003",
            "policy_arn": "arn:aws:iam::aws:policy/AmazonEKSWorkerNodePolicy",
            "role": "eks_node_role"
          },
          "sensitive_attributes": [],
          "private": "bnVsbA==",
          "dependencies": [
            "aws_iam_role.eks_node_role"
          ]
        }
      ]
    },
    {
      "mode": "managed",
      "type": "aws_iam_role_policy_attachment",
      "name": "EKS_CNI_Policy",
      "provider": "provider[\"registry.terraform.io/hashicorp/aws\"]",
      "instances": [
        {
          "schema_version": 0,
          "attributes": {
            "id": "eks_node_role-20241024081946034300000002",
            "policy_arn": "arn:aws:iam::aws:policy/AmazonEKS_CNI_Policy",
            "role": "eks_node_role"
          },
          "sensitive_attributes": [],
          "private": "bnVsbA==",
          "dependencies": [
            "aws_iam_role.eks_node_role"
          ]
        }
      ]
    },
    {
      "mode": "managed",
      "type": "aws_internet_gateway",
      "name": "default",
      "provider": "provider[\"registry.terraform.io/hashicorp/aws\"]",
      "instances": [
        {
          "schema_version": 0,
          "attributes": {
            "arn": "arn:aws:ec2:us-east-1:084375555299:internet-gateway/igw-091af1ba847bedf42",
            "id": "igw-091af1ba847bedf42",
            "owner_id": "084375555299",
            "tags": {
              "Name": "ninhnh-vti-internet-gateway"
            },
            "tags_all": {
              "Name": "ninhnh-vti-internet-gateway"
            },
            "timeouts": null,
            "vpc_id": "vpc-04648d57b700f92bb"
          },
          "sensitive_attributes": [],
          "private": "eyJlMmJmYjczMC1lY2FhLTExZTYtOGY4OC0zNDM2M2JjN2M0YzAiOnsiY3JlYXRlIjoxMjAwMDAwMDAwMDAwLCJkZWxldGUiOjEyMDAwMDAwMDAwMDAsInVwZGF0ZSI6MTIwMDAwMDAwMDAwMH19",
          "dependencies": [
            "aws_vpc.default"
          ]
        }
      ]
    },
    {
      "mode": "managed",
      "type": "aws_key_pair",
      "name": "jenkins_key",
      "provider": "provider[\"registry.terraform.io/hashicorp/aws\"]",
      "instances": [
        {
          "schema_version": 1,
          "attributes": {
            "arn": "arn:aws:ec2:us-east-1:084375555299:key-pair/jenkins-key",
            "fingerprint": "1a:07:12:39:2d:0b:b1:38:53:de:cb:a1:5d:a9:aa:77",
            "id": "jenkins-key",
            "key_name": "jenkins-key",
            "key_name_prefix": "",
            "key_pair_id": "key-06ebcecf9ec0b4b5d",
            "key_type": "rsa",
            "public_key": "ssh-rsa AAAAB3NzaC1yc2EAAAADAQABAAABAQDsKmtmCbUfXJ/vof5EtmHC4RR/97mNgz9IhVQdY5GJltBooQrcbeIpYpxdC5Vx6fYURqM0vU99bi59pPsqqHRhLYECU+t6E841uufxfUDN8rd7Iu2CoFCffIn8QcXlQXFbEPVTtCIfiGmE7zPkh6pHvYgB3JR+Y2Caeh/Rim8fJZlauT0BQH+UUZMR0VgeluIGikhuh80VTauA8rh25RG10qJhegaqdbYQffCYGWvIFQIltu5DjCYuk4oMb3IzYt8Ak75rzDd7LKpnGyVdeXn80gp4O/sq5uoA864nuCm9CkK0CAov+XE77rDsyXK73osN3UPd/Xi7I8D+LsjK4ePh",
            "tags": {},
            "tags_all": {}
          },
          "sensitive_attributes": [],
          "private": "eyJzY2hlbWFfdmVyc2lvbiI6IjEifQ==",
          "dependencies": [
            "tls_private_key.jenkins_private_key"
          ]
        }
      ]
    },
    {
      "mode": "managed",
      "type": "aws_route_table",
      "name": "public",
      "provider": "provider[\"registry.terraform.io/hashicorp/aws\"]",
      "instances": [
        {
          "schema_version": 0,
          "attributes": {
            "arn": "arn:aws:ec2:us-east-1:084375555299:route-table/rtb-0fb081f012d0ceab9",
            "id": "rtb-0fb081f012d0ceab9",
            "owner_id": "084375555299",
            "propagating_vgws": [],
            "route": [
              {
                "carrier_gateway_id": "",
                "cidr_block": "0.0.0.0/0",
                "core_network_arn": "",
                "destination_prefix_list_id": "",
                "egress_only_gateway_id": "",
                "gateway_id": "igw-091af1ba847bedf42",
                "ipv6_cidr_block": "",
                "local_gateway_id": "",
                "nat_gateway_id": "",
                "network_interface_id": "",
                "transit_gateway_id": "",
                "vpc_endpoint_id": "",
                "vpc_peering_connection_id": ""
              }
            ],
            "tags": {
              "Name": "public_route_table"
            },
            "tags_all": {
              "Name": "public_route_table"
            },
            "timeouts": null,
            "vpc_id": "vpc-04648d57b700f92bb"
          },
          "sensitive_attributes": [],
          "private": "eyJlMmJmYjczMC1lY2FhLTExZTYtOGY4OC0zNDM2M2JjN2M0YzAiOnsiY3JlYXRlIjozMDAwMDAwMDAwMDAsImRlbGV0ZSI6MzAwMDAwMDAwMDAwLCJ1cGRhdGUiOjEyMDAwMDAwMDAwMH19",
          "dependencies": [
            "aws_internet_gateway.default",
            "aws_vpc.default"
          ]
        }
      ]
    },
    {
      "mode": "managed",
      "type": "aws_route_table_association",
      "name": "public_subnet_association",
      "provider": "provider[\"registry.terraform.io/hashicorp/aws\"]",
      "instances": [
        {
          "index_key": 0,
          "schema_version": 0,
          "attributes": {
            "gateway_id": "",
            "id": "rtbassoc-0a871c40cbc46c288",
            "route_table_id": "rtb-0fb081f012d0ceab9",
            "subnet_id": "subnet-097c8768d9f2e6cdd",
            "timeouts": null
          },
          "sensitive_attributes": [],
          "private": "eyJlMmJmYjczMC1lY2FhLTExZTYtOGY4OC0zNDM2M2JjN2M0YzAiOnsiY3JlYXRlIjozMDAwMDAwMDAwMDAsImRlbGV0ZSI6MzAwMDAwMDAwMDAwLCJ1cGRhdGUiOjEyMDAwMDAwMDAwMH19",
          "dependencies": [
            "aws_internet_gateway.default",
            "aws_route_table.public",
            "aws_subnet.public_subnet",
            "aws_vpc.default",
            "data.aws_availability_zones.available"
          ]
        },
        {
          "index_key": 1,
          "schema_version": 0,
          "attributes": {
            "gateway_id": "",
            "id": "rtbassoc-07bc515af9bf919bd",
            "route_table_id": "rtb-0fb081f012d0ceab9",
            "subnet_id": "subnet-055660945d0607ddb",
            "timeouts": null
          },
          "sensitive_attributes": [],
          "private": "eyJlMmJmYjczMC1lY2FhLTExZTYtOGY4OC0zNDM2M2JjN2M0YzAiOnsiY3JlYXRlIjozMDAwMDAwMDAwMDAsImRlbGV0ZSI6MzAwMDAwMDAwMDAwLCJ1cGRhdGUiOjEyMDAwMDAwMDAwMH19",
          "dependencies": [
            "aws_internet_gateway.default",
            "aws_route_table.public",
            "aws_subnet.public_subnet",
            "aws_vpc.default",
            "data.aws_availability_zones.available"
          ]
        }
      ]
    },
    {
      "mode": "managed",
      "type": "aws_s3_bucket",
      "name": "static_site",
      "provider": "provider[\"registry.terraform.io/hashicorp/aws\"]",
      "instances": [
        {
          "schema_version": 0,
          "attributes": {
            "acceleration_status": "",
            "acl": null,
            "arn": "arn:aws:s3:::ninhnh-vti-bucket-static-web",
            "bucket": "ninhnh-vti-bucket-static-web",
            "bucket_domain_name": "ninhnh-vti-bucket-static-web.s3.amazonaws.com",
            "bucket_prefix": "",
            "bucket_regional_domain_name": "ninhnh-vti-bucket-static-web.s3.us-east-1.amazonaws.com",
            "cors_rule": [],
            "force_destroy": false,
            "grant": [
              {
                "id": "685c8c8717dac821c1c9cd46427941a30d2d1a7d7d8d5ff331d2832bffd043bc",
                "permissions": [
                  "FULL_CONTROL"
                ],
                "type": "CanonicalUser",
                "uri": ""
              }
            ],
            "hosted_zone_id": "Z3AQBSTGFYJSTF",
            "id": "ninhnh-vti-bucket-static-web",
            "lifecycle_rule": [],
            "logging": [],
            "object_lock_configuration": [],
            "object_lock_enabled": false,
            "policy": "",
            "region": "us-east-1",
            "replication_configuration": [],
            "request_payer": "BucketOwner",
            "server_side_encryption_configuration": [
              {
                "rule": [
                  {
                    "apply_server_side_encryption_by_default": [
                      {
                        "kms_master_key_id": "",
                        "sse_algorithm": "AES256"
                      }
                    ],
                    "bucket_key_enabled": false
                  }
                ]
              }
            ],
            "tags": {
              "Name": "ninhnh-vti-static-site-bucket"
            },
            "tags_all": {
              "Name": "ninhnh-vti-static-site-bucket"
            },
            "timeouts": null,
            "versioning": [
              {
                "enabled": false,
                "mfa_delete": false
              }
            ],
            "website": [
              {
                "error_document": "",
                "index_document": "index.html",
                "redirect_all_requests_to": "",
                "routing_rules": ""
              }
            ],
            "website_domain": "s3-website-us-east-1.amazonaws.com",
            "website_endpoint": "ninhnh-vti-bucket-static-web.s3-website-us-east-1.amazonaws.com"
          },
          "sensitive_attributes": [],
          "private": "eyJlMmJmYjczMC1lY2FhLTExZTYtOGY4OC0zNDM2M2JjN2M0YzAiOnsiY3JlYXRlIjoxMjAwMDAwMDAwMDAwLCJkZWxldGUiOjM2MDAwMDAwMDAwMDAsInJlYWQiOjEyMDAwMDAwMDAwMDAsInVwZGF0ZSI6MTIwMDAwMDAwMDAwMH19"
        }
      ]
    },
    {
      "mode": "managed",
      "type": "aws_s3_bucket_website_configuration",
      "name": "static_site_config",
      "provider": "provider[\"registry.terraform.io/hashicorp/aws\"]",
      "instances": [
        {
          "schema_version": 0,
          "attributes": {
            "bucket": "ninhnh-vti-bucket-static-web",
            "error_document": [],
            "expected_bucket_owner": "",
            "id": "ninhnh-vti-bucket-static-web",
            "index_document": [
              {
                "suffix": "index.html"
              }
            ],
            "redirect_all_requests_to": [],
            "routing_rule": [],
            "routing_rules": "",
            "website_domain": "s3-website-us-east-1.amazonaws.com",
            "website_endpoint": "ninhnh-vti-bucket-static-web.s3-website-us-east-1.amazonaws.com"
          },
          "sensitive_attributes": [],
          "private": "bnVsbA==",
          "dependencies": [
            "aws_s3_bucket.static_site"
          ]
        }
      ]
    },
    {
      "mode": "managed",
      "type": "aws_security_group",
      "name": "default",
      "provider": "provider[\"registry.terraform.io/hashicorp/aws\"]",
      "instances": [
        {
          "schema_version": 1,
          "attributes": {
            "arn": "arn:aws:ec2:us-east-1:084375555299:security-group/sg-0ec803373d3143cf9",
            "description": "Managed by Terraform",
            "egress": [
              {
                "cidr_blocks": [
                  "0.0.0.0/0"
                ],
                "description": "",
                "from_port": 0,
                "ipv6_cidr_blocks": [],
                "prefix_list_ids": [],
                "protocol": "-1",
                "security_groups": [],
                "self": false,
                "to_port": 0
              }
            ],
            "id": "sg-0ec803373d3143cf9",
            "ingress": [
              {
                "cidr_blocks": [
                  "0.0.0.0/0"
                ],
                "description": "",
                "from_port": 5432,
                "ipv6_cidr_blocks": [],
                "prefix_list_ids": [],
                "protocol": "tcp",
                "security_groups": [],
                "self": false,
                "to_port": 5432
              }
            ],
            "name": "terraform-20241024033938819700000001",
            "name_prefix": "terraform-",
            "owner_id": "084375555299",
            "revoke_rules_on_delete": false,
            "tags": {
              "Name": "postgres_security_group"
            },
            "tags_all": {
              "Name": "postgres_security_group"
            },
            "timeouts": null,
            "vpc_id": "vpc-04648d57b700f92bb"
          },
          "sensitive_attributes": [],
          "private": "eyJlMmJmYjczMC1lY2FhLTExZTYtOGY4OC0zNDM2M2JjN2M0YzAiOnsiY3JlYXRlIjo2MDAwMDAwMDAwMDAsImRlbGV0ZSI6OTAwMDAwMDAwMDAwfSwic2NoZW1hX3ZlcnNpb24iOiIxIn0=",
          "dependencies": [
            "aws_vpc.default"
          ]
        }
      ]
    },
    {
      "mode": "managed",
      "type": "aws_security_group",
      "name": "jenkins_sg",
      "provider": "provider[\"registry.terraform.io/hashicorp/aws\"]",
      "instances": [
        {
          "schema_version": 1,
          "attributes": {
            "arn": "arn:aws:ec2:us-east-1:084375555299:security-group/sg-09e852067fcc332c5",
            "description": "Managed by Terraform",
            "egress": [
              {
                "cidr_blocks": [
                  "0.0.0.0/0"
                ],
                "description": "",
                "from_port": 0,
                "ipv6_cidr_blocks": [],
                "prefix_list_ids": [],
                "protocol": "-1",
                "security_groups": [],
                "self": false,
                "to_port": 0
              }
            ],
            "id": "sg-09e852067fcc332c5",
            "ingress": [
              {
                "cidr_blocks": [
                  "0.0.0.0/0"
                ],
                "description": "",
                "from_port": 10250,
                "ipv6_cidr_blocks": [],
                "prefix_list_ids": [],
                "protocol": "tcp",
                "security_groups": [],
                "self": false,
                "to_port": 10250
              },
              {
                "cidr_blocks": [
                  "0.0.0.0/0"
                ],
                "description": "",
                "from_port": 8080,
                "ipv6_cidr_blocks": [],
                "prefix_list_ids": [],
                "protocol": "tcp",
                "security_groups": [],
                "self": false,
                "to_port": 8080
              }
            ],
            "name": "terraform-20241024085820628700000002",
            "name_prefix": "terraform-",
            "owner_id": "084375555299",
            "revoke_rules_on_delete": false,
            "tags": {
              "Name": "jenkins_security_group"
            },
            "tags_all": {
              "Name": "jenkins_security_group"
            },
            "timeouts": null,
            "vpc_id": "vpc-04648d57b700f92bb"
          },
          "sensitive_attributes": [],
          "private": "eyJlMmJmYjczMC1lY2FhLTExZTYtOGY4OC0zNDM2M2JjN2M0YzAiOnsiY3JlYXRlIjo2MDAwMDAwMDAwMDAsImRlbGV0ZSI6OTAwMDAwMDAwMDAwfSwic2NoZW1hX3ZlcnNpb24iOiIxIn0=",
          "dependencies": [
            "aws_vpc.default"
          ]
        }
      ]
    },
    {
      "mode": "managed",
      "type": "aws_security_group_rule",
      "name": "allow_eks_traffic",
      "provider": "provider[\"registry.terraform.io/hashicorp/aws\"]",
      "instances": [
        {
          "schema_version": 2,
          "attributes": {
            "cidr_blocks": [
              "0.0.0.0/0"
            ],
            "description": null,
            "from_port": 10250,
            "id": "sgrule-1531096893",
            "ipv6_cidr_blocks": null,
            "prefix_list_ids": null,
            "protocol": "tcp",
            "security_group_id": "sg-09e852067fcc332c5",
            "security_group_rule_id": "sgr-09ccc62b2f2ff88ab",
            "self": false,
            "source_security_group_id": null,
            "timeouts": null,
            "to_port": 10250,
            "type": "ingress"
          },
          "sensitive_attributes": [],
          "private": "eyJlMmJmYjczMC1lY2FhLTExZTYtOGY4OC0zNDM2M2JjN2M0YzAiOnsiY3JlYXRlIjozMDAwMDAwMDAwMDB9LCJzY2hlbWFfdmVyc2lvbiI6IjIifQ==",
          "dependencies": [
            "aws_security_group.jenkins_sg",
            "aws_vpc.default"
          ]
        }
      ]
    },
    {
      "mode": "managed",
      "type": "aws_ssm_parameter",
      "name": "db_password",
      "provider": "provider[\"registry.terraform.io/hashicorp/aws\"]",
      "instances": [
        {
          "schema_version": 0,
          "attributes": {
            "allowed_pattern": "",
            "arn": "arn:aws:ssm:us-east-1:084375555299:parameter/ninhnh/db_password",
            "data_type": "text",
            "description": "Password for PostgreSQL database",
            "id": "/ninhnh/db_password",
            "insecure_value": null,
            "key_id": "alias/aws/ssm",
            "name": "/ninhnh/db_password",
            "overwrite": null,
            "tags": {},
            "tags_all": {},
            "tier": "Standard",
            "type": "SecureString",
            "value": "ninhdangcap123",
            "version": 1
          },
          "sensitive_attributes": [
            [
              {
                "type": "get_attr",
                "value": "value"
              }
            ]
          ],
          "private": "bnVsbA=="
        }
      ]
    },
    {
      "mode": "managed",
      "type": "aws_ssm_parameter",
      "name": "db_username",
      "provider": "provider[\"registry.terraform.io/hashicorp/aws\"]",
      "instances": [
        {
          "schema_version": 0,
          "attributes": {
            "allowed_pattern": "",
            "arn": "arn:aws:ssm:us-east-1:084375555299:parameter/ninhnh/db_username",
            "data_type": "text",
            "description": "Username for PostgreSQL database",
            "id": "/ninhnh/db_username",
            "insecure_value": null,
            "key_id": "alias/aws/ssm",
            "name": "/ninhnh/db_username",
            "overwrite": null,
            "tags": {},
            "tags_all": {},
            "tier": "Standard",
            "type": "SecureString",
            "value": "postgres",
            "version": 1
          },
          "sensitive_attributes": [
            [
              {
                "type": "get_attr",
                "value": "value"
              }
            ]
          ],
          "private": "bnVsbA=="
        }
      ]
    },
    {
      "mode": "managed",
      "type": "aws_subnet",
      "name": "public_subnet",
      "provider": "provider[\"registry.terraform.io/hashicorp/aws\"]",
      "instances": [
        {
          "index_key": 0,
          "schema_version": 1,
          "attributes": {
            "arn": "arn:aws:ec2:us-east-1:084375555299:subnet/subnet-097c8768d9f2e6cdd",
            "assign_ipv6_address_on_creation": false,
            "availability_zone": "us-east-1a",
            "availability_zone_id": "use1-az4",
            "cidr_block": "10.0.0.0/24",
            "customer_owned_ipv4_pool": "",
            "enable_dns64": false,
            "enable_lni_at_device_index": 0,
            "enable_resource_name_dns_a_record_on_launch": false,
            "enable_resource_name_dns_aaaa_record_on_launch": false,
            "id": "subnet-097c8768d9f2e6cdd",
            "ipv6_cidr_block": "",
            "ipv6_cidr_block_association_id": "",
            "ipv6_native": false,
            "map_customer_owned_ip_on_launch": false,
            "map_public_ip_on_launch": true,
            "outpost_arn": "",
            "owner_id": "084375555299",
            "private_dns_hostname_type_on_launch": "ip-name",
            "tags": {
              "Name": "ninhnh-vti-public-subnet-0"
            },
            "tags_all": {
              "Name": "ninhnh-vti-public-subnet-0"
            },
            "timeouts": null,
            "vpc_id": "vpc-04648d57b700f92bb"
          },
          "sensitive_attributes": [],
          "private": "eyJlMmJmYjczMC1lY2FhLTExZTYtOGY4OC0zNDM2M2JjN2M0YzAiOnsiY3JlYXRlIjo2MDAwMDAwMDAwMDAsImRlbGV0ZSI6MTIwMDAwMDAwMDAwMH0sInNjaGVtYV92ZXJzaW9uIjoiMSJ9",
          "dependencies": [
            "aws_vpc.default",
            "data.aws_availability_zones.available"
          ]
        },
        {
          "index_key": 1,
          "schema_version": 1,
          "attributes": {
            "arn": "arn:aws:ec2:us-east-1:084375555299:subnet/subnet-055660945d0607ddb",
            "assign_ipv6_address_on_creation": false,
            "availability_zone": "us-east-1b",
            "availability_zone_id": "use1-az6",
            "cidr_block": "10.0.1.0/24",
            "customer_owned_ipv4_pool": "",
            "enable_dns64": false,
            "enable_lni_at_device_index": 0,
            "enable_resource_name_dns_a_record_on_launch": false,
            "enable_resource_name_dns_aaaa_record_on_launch": false,
            "id": "subnet-055660945d0607ddb",
            "ipv6_cidr_block": "",
            "ipv6_cidr_block_association_id": "",
            "ipv6_native": false,
            "map_customer_owned_ip_on_launch": false,
            "map_public_ip_on_launch": true,
            "outpost_arn": "",
            "owner_id": "084375555299",
            "private_dns_hostname_type_on_launch": "ip-name",
            "tags": {
              "Name": "ninhnh-vti-public-subnet-1"
            },
            "tags_all": {
              "Name": "ninhnh-vti-public-subnet-1"
            },
            "timeouts": null,
            "vpc_id": "vpc-04648d57b700f92bb"
          },
          "sensitive_attributes": [],
          "private": "eyJlMmJmYjczMC1lY2FhLTExZTYtOGY4OC0zNDM2M2JjN2M0YzAiOnsiY3JlYXRlIjo2MDAwMDAwMDAwMDAsImRlbGV0ZSI6MTIwMDAwMDAwMDAwMH0sInNjaGVtYV92ZXJzaW9uIjoiMSJ9",
          "dependencies": [
            "aws_vpc.default",
            "data.aws_availability_zones.available"
          ]
        }
      ]
    },
    {
      "mode": "managed",
      "type": "aws_vpc",
      "name": "default",
      "provider": "provider[\"registry.terraform.io/hashicorp/aws\"]",
      "instances": [
        {
          "schema_version": 1,
          "attributes": {
            "arn": "arn:aws:ec2:us-east-1:084375555299:vpc/vpc-04648d57b700f92bb",
            "assign_generated_ipv6_cidr_block": false,
            "cidr_block": "10.0.0.0/16",
            "default_network_acl_id": "acl-079feac10afb0b386",
            "default_route_table_id": "rtb-00a5ea3e8f41a8131",
            "default_security_group_id": "sg-0d22bc2ba68e2453a",
            "dhcp_options_id": "dopt-0063d84fb3540108d",
            "enable_dns_hostnames": true,
            "enable_dns_support": true,
            "enable_network_address_usage_metrics": false,
            "id": "vpc-04648d57b700f92bb",
            "instance_tenancy": "default",
            "ipv4_ipam_pool_id": null,
            "ipv4_netmask_length": null,
            "ipv6_association_id": "",
            "ipv6_cidr_block": "",
            "ipv6_cidr_block_network_border_group": "",
            "ipv6_ipam_pool_id": "",
            "ipv6_netmask_length": 0,
            "main_route_table_id": "rtb-00a5ea3e8f41a8131",
            "owner_id": "084375555299",
            "tags": {
              "Name": "ninhnh-vti-vpc"
            },
            "tags_all": {
              "Name": "ninhnh-vti-vpc"
            }
          },
          "sensitive_attributes": [],
          "private": "eyJzY2hlbWFfdmVyc2lvbiI6IjEifQ=="
        }
      ]
    },
    {
      "mode": "managed",
      "type": "local_file",
      "name": "jenkins_private_key",
      "provider": "provider[\"registry.terraform.io/hashicorp/local\"]",
      "instances": [
        {
          "schema_version": 0,
          "attributes": {
            "content": "-----BEGIN RSA PRIVATE KEY-----\nMIIEowIBAAKCAQEA7CprZgm1H1yf76H+RLZhwuEUf/e5jYM/SIVUHWORiZbQaKEK\n3G3iKWKcXQuVcen2FEajNL1PfW4ufaT7Kqh0YS2BAlPrehPONbrn8X1AzfK3eyLt\ngqBQn3yJ/EHF5UFxWxD1U7QiH4hphO8z5IeqR72IAdyUfmNgmnof0YpvHyWZWrk9\nAUB/lFGTEdFYHpbiBopIbofNFU2rgPK4duURtdKiYXoGqnW2EH3wmBlryBUCJbbu\nQ4wmLpOKDG9yM2LfAJO+a8w3eyyqZxslXXl5/NIKeDv7KubqAPOuJ7gpvQpCtAgK\nL/lxO+6w7Mlyu96LDd1D3f14uyPA/i7IyuHj4QIDAQABAoIBAAfWdJADXHZ4/XnX\nd3fSUbZFAAgrMYZHx87hVeRPzKGzVqFSTuj34JydADF6U/Be4mLT4VC7w6qXAIX8\n9rT4uDwNZY2tOVBo3dwcotv52y+6kWpNw3IlXeedG3s6t5WfMWLjUjD/9m3zegUG\nZ0N7WSReXugo6Oi05Zza1rl+jaeL6JFmh69NzPU/b6jBCrdoAISq77/QPfj9S/ML\n5hrOl+IX6RHt1XyzV9Kc7R9kAfzt24VEbYB8UQZ6yayPuWmanv7sbEmAFV6VisP/\ngBohuOxTvyNpXN+7A+CMLOaoVKr50ml9X56qUUWVYsAQWhy74HyLoHqLDc4+IHM2\nTVg2Wj0CgYEA7X9qpT4gDlFMcj+e9xm2Hnc6N7QIIP4AmyzPIp0aaiwWeQHq7eS4\nMQTQta0x094uUJmV4kic0+RgLRfCBQCAwuTOiRAxHKX7QMhbJ0lVG/li9RNdpr4K\nvZm6m436azJT5C7z6hKTr0x3idPI5SmY0I62Mp954UjjebPlU2Eo6x8CgYEA/pBw\nAollYmz+Md2IApHqxwMTwNa/fc6l0VFzIi9lWaggTlmvamTkas2tfyWfR8RBRT9k\n3qzrnNGUNotJvJvAQkwYoj2MaFG7Mw+YFHw15fPRi239fKsE8bjInYHwMyXI65tZ\ncEPGg+smmxkbmoImCnvX+CdhxTJ3C7GKPxeaUP8CgYEAny6ltjebmL0Y9gJ6c7iB\n/o1/MdKzGBnnIhq4gsS17a+7KEQGyIhihEhr8zkwiocCl/c5JL/yjXsmk1K3Mk8R\n/o8Jd4iowkDl1Jf1sLFQID3Y+9aNELOT01z0XEqfK7ZB0FFAHwVwgzBHdtPCdQaa\nbD8bE3ccY8lM3kebT3VxzZUCgYBylxgkvC6MMN34Gm3IImEZ9rOkocaPXj9cSxrV\nr5oi0sDAJDUHYqVDwpQv4QKjLp/nCRNh/VsOO3VJXEf0A/R2o4SPO7+BkhD/eiyO\nRB+LBMc1yWxK+zz9hp2f8Ubr7z1TeZm4JHovFeJJ/PJlCeMP4xGj3i5vszjNZb0C\ni6BmhwKBgGqyFDqdwf6u5RVrCRB5jN4rAVrv0ZGMYwk4AQwr6GB2lAk5R1AkBtkt\np5XjJFKy0ef60ZNE9lfFBTFzAP4D+xy1m+R35DsHIz420cXN/u3olqa6jIgSecIG\nSBTlQ7P4I4AxqYc8PuFXHtd4oh8Qph+iXAXSSnIUSLQwex7tatUP\n-----END RSA PRIVATE KEY-----\n",
            "content_base64": null,
            "content_base64sha256": "UWvqazNrZb/oREtGegmjPd95WeGOsx3j0uOfeBjhIHo=",
            "content_base64sha512": "5X7lmwAyV6PWacEhKMmEN2qwawY40Jua1CAty2iZF9kAvMgkySVImbYEUK5tuE1ipIu6caHxDqv54aEQHSBLKA==",
            "content_md5": "545b3a03f07315f1f345055f63cb0778",
            "content_sha1": "acf5793a17b7570adb2efef23a62b61d7f79377e",
            "content_sha256": "516bea6b336b65bfe8444b467a09a33ddf7959e18eb31de3d2e39f7818e1207a",
            "content_sha512": "e57ee59b003257a3d669c12128c984376ab06b0638d09b9ad4202dcb689917d900bcc824c9254899b60450ae6db84d62a48bba71a1f10eabf9e1a1101d204b28",
            "directory_permission": "0777",
            "file_permission": "0777",
            "filename": "./jenkins_key.pem",
            "id": "acf5793a17b7570adb2efef23a62b61d7f79377e",
            "sensitive_content": null,
            "source": null
          },
          "sensitive_attributes": [
            [
              {
                "type": "get_attr",
                "value": "content"
              }
            ],
            [
              {
                "type": "get_attr",
                "value": "sensitive_content"
              }
            ]
          ],
          "dependencies": [
            "aws_key_pair.jenkins_key",
            "tls_private_key.jenkins_private_key"
          ]
        }
      ]
    },
    {
      "mode": "managed",
      "type": "tls_private_key",
      "name": "jenkins_private_key",
      "provider": "provider[\"registry.terraform.io/hashicorp/tls\"]",
      "instances": [
        {
          "schema_version": 1,
          "attributes": {
            "algorithm": "RSA",
            "ecdsa_curve": "P224",
            "id": "0d5f681de943dd782b9eb6386ac1c0f91fb2b6bf",
            "private_key_openssh": "-----BEGIN OPENSSH PRIVATE KEY-----\nb3BlbnNzaC1rZXktdjEAAAAABG5vbmUAAAAEbm9uZQAAAAAAAAABAAABFwAAAAdz\nc2gtcnNhAAAAAwEAAQAAAQEA7CprZgm1H1yf76H+RLZhwuEUf/e5jYM/SIVUHWOR\niZbQaKEK3G3iKWKcXQuVcen2FEajNL1PfW4ufaT7Kqh0YS2BAlPrehPONbrn8X1A\nzfK3eyLtgqBQn3yJ/EHF5UFxWxD1U7QiH4hphO8z5IeqR72IAdyUfmNgmnof0Ypv\nHyWZWrk9AUB/lFGTEdFYHpbiBopIbofNFU2rgPK4duURtdKiYXoGqnW2EH3wmBlr\nyBUCJbbuQ4wmLpOKDG9yM2LfAJO+a8w3eyyqZxslXXl5/NIKeDv7KubqAPOuJ7gp\nvQpCtAgKL/lxO+6w7Mlyu96LDd1D3f14uyPA/i7IyuHj4QAAA7hIQs9qSELPagAA\nAAdzc2gtcnNhAAABAQDsKmtmCbUfXJ/vof5EtmHC4RR/97mNgz9IhVQdY5GJltBo\noQrcbeIpYpxdC5Vx6fYURqM0vU99bi59pPsqqHRhLYECU+t6E841uufxfUDN8rd7\nIu2CoFCffIn8QcXlQXFbEPVTtCIfiGmE7zPkh6pHvYgB3JR+Y2Caeh/Rim8fJZla\nuT0BQH+UUZMR0VgeluIGikhuh80VTauA8rh25RG10qJhegaqdbYQffCYGWvIFQIl\ntu5DjCYuk4oMb3IzYt8Ak75rzDd7LKpnGyVdeXn80gp4O/sq5uoA864nuCm9CkK0\nCAov+XE77rDsyXK73osN3UPd/Xi7I8D+LsjK4ePhAAAAAwEAAQAAAQAH1nSQA1x2\neP1513d30lG2RQAIKzGGR8fO4VXkT8yhs1ahUk7o9+CcnQAxelPwXuJi0+FQu8Oq\nlwCF/Pa0+Lg8DWWNrTlQaN3cHKLb+dsvupFqTcNyJV3nnRt7OreVnzFi41Iw//Zt\n83oFBmdDe1kkXl7oKOjotOWc2ta5fo2ni+iRZoevTcz1P2+owQq3aACEqu+/0D34\n/UvzC+YazpfiF+kR7dV8s1fSnO0fZAH87duFRG2AfFEGesmsj7lpmp7+7GxJgBVe\nlYrD/4AaIbjsU78jaVzfuwPgjCzmqFSq+dJpfV+eqlFFlWLAEFocu+B8i6B6iw3O\nPiBzNk1YNlo9AAAAgGqyFDqdwf6u5RVrCRB5jN4rAVrv0ZGMYwk4AQwr6GB2lAk5\nR1AkBtktp5XjJFKy0ef60ZNE9lfFBTFzAP4D+xy1m+R35DsHIz420cXN/u3olqa6\njIgSecIGSBTlQ7P4I4AxqYc8PuFXHtd4oh8Qph+iXAXSSnIUSLQwex7tatUPAAAA\ngQDtf2qlPiAOUUxyP573GbYedzo3tAgg/gCbLM8inRpqLBZ5Aert5LgxBNC1rTHT\n3i5QmZXiSJzT5GAtF8IFAIDC5M6JEDEcpftAyFsnSVUb+WL1E12mvgq9mbqbjfpr\nMlPkLvPqEpOvTHeJ08jlKZjQjrYyn3nhSON5s+VTYSjrHwAAAIEA/pBwAollYmz+\nMd2IApHqxwMTwNa/fc6l0VFzIi9lWaggTlmvamTkas2tfyWfR8RBRT9k3qzrnNGU\nNotJvJvAQkwYoj2MaFG7Mw+YFHw15fPRi239fKsE8bjInYHwMyXI65tZcEPGg+sm\nmxkbmoImCnvX+CdhxTJ3C7GKPxeaUP8AAAAAAQID\n-----END OPENSSH PRIVATE KEY-----\n",
            "private_key_pem": "-----BEGIN RSA PRIVATE KEY-----\nMIIEowIBAAKCAQEA7CprZgm1H1yf76H+RLZhwuEUf/e5jYM/SIVUHWORiZbQaKEK\n3G3iKWKcXQuVcen2FEajNL1PfW4ufaT7Kqh0YS2BAlPrehPONbrn8X1AzfK3eyLt\ngqBQn3yJ/EHF5UFxWxD1U7QiH4hphO8z5IeqR72IAdyUfmNgmnof0YpvHyWZWrk9\nAUB/lFGTEdFYHpbiBopIbofNFU2rgPK4duURtdKiYXoGqnW2EH3wmBlryBUCJbbu\nQ4wmLpOKDG9yM2LfAJO+a8w3eyyqZxslXXl5/NIKeDv7KubqAPOuJ7gpvQpCtAgK\nL/lxO+6w7Mlyu96LDd1D3f14uyPA/i7IyuHj4QIDAQABAoIBAAfWdJADXHZ4/XnX\nd3fSUbZFAAgrMYZHx87hVeRPzKGzVqFSTuj34JydADF6U/Be4mLT4VC7w6qXAIX8\n9rT4uDwNZY2tOVBo3dwcotv52y+6kWpNw3IlXeedG3s6t5WfMWLjUjD/9m3zegUG\nZ0N7WSReXugo6Oi05Zza1rl+jaeL6JFmh69NzPU/b6jBCrdoAISq77/QPfj9S/ML\n5hrOl+IX6RHt1XyzV9Kc7R9kAfzt24VEbYB8UQZ6yayPuWmanv7sbEmAFV6VisP/\ngBohuOxTvyNpXN+7A+CMLOaoVKr50ml9X56qUUWVYsAQWhy74HyLoHqLDc4+IHM2\nTVg2Wj0CgYEA7X9qpT4gDlFMcj+e9xm2Hnc6N7QIIP4AmyzPIp0aaiwWeQHq7eS4\nMQTQta0x094uUJmV4kic0+RgLRfCBQCAwuTOiRAxHKX7QMhbJ0lVG/li9RNdpr4K\nvZm6m436azJT5C7z6hKTr0x3idPI5SmY0I62Mp954UjjebPlU2Eo6x8CgYEA/pBw\nAollYmz+Md2IApHqxwMTwNa/fc6l0VFzIi9lWaggTlmvamTkas2tfyWfR8RBRT9k\n3qzrnNGUNotJvJvAQkwYoj2MaFG7Mw+YFHw15fPRi239fKsE8bjInYHwMyXI65tZ\ncEPGg+smmxkbmoImCnvX+CdhxTJ3C7GKPxeaUP8CgYEAny6ltjebmL0Y9gJ6c7iB\n/o1/MdKzGBnnIhq4gsS17a+7KEQGyIhihEhr8zkwiocCl/c5JL/yjXsmk1K3Mk8R\n/o8Jd4iowkDl1Jf1sLFQID3Y+9aNELOT01z0XEqfK7ZB0FFAHwVwgzBHdtPCdQaa\nbD8bE3ccY8lM3kebT3VxzZUCgYBylxgkvC6MMN34Gm3IImEZ9rOkocaPXj9cSxrV\nr5oi0sDAJDUHYqVDwpQv4QKjLp/nCRNh/VsOO3VJXEf0A/R2o4SPO7+BkhD/eiyO\nRB+LBMc1yWxK+zz9hp2f8Ubr7z1TeZm4JHovFeJJ/PJlCeMP4xGj3i5vszjNZb0C\ni6BmhwKBgGqyFDqdwf6u5RVrCRB5jN4rAVrv0ZGMYwk4AQwr6GB2lAk5R1AkBtkt\np5XjJFKy0ef60ZNE9lfFBTFzAP4D+xy1m+R35DsHIz420cXN/u3olqa6jIgSecIG\nSBTlQ7P4I4AxqYc8PuFXHtd4oh8Qph+iXAXSSnIUSLQwex7tatUP\n-----END RSA PRIVATE KEY-----\n",
            "private_key_pem_pkcs8": "-----BEGIN PRIVATE KEY-----\nMIIEvQIBADANBgkqhkiG9w0BAQEFAASCBKcwggSjAgEAAoIBAQDsKmtmCbUfXJ/v\nof5EtmHC4RR/97mNgz9IhVQdY5GJltBooQrcbeIpYpxdC5Vx6fYURqM0vU99bi59\npPsqqHRhLYECU+t6E841uufxfUDN8rd7Iu2CoFCffIn8QcXlQXFbEPVTtCIfiGmE\n7zPkh6pHvYgB3JR+Y2Caeh/Rim8fJZlauT0BQH+UUZMR0VgeluIGikhuh80VTauA\n8rh25RG10qJhegaqdbYQffCYGWvIFQIltu5DjCYuk4oMb3IzYt8Ak75rzDd7LKpn\nGyVdeXn80gp4O/sq5uoA864nuCm9CkK0CAov+XE77rDsyXK73osN3UPd/Xi7I8D+\nLsjK4ePhAgMBAAECggEAB9Z0kANcdnj9edd3d9JRtkUACCsxhkfHzuFV5E/MobNW\noVJO6PfgnJ0AMXpT8F7iYtPhULvDqpcAhfz2tPi4PA1lja05UGjd3Byi2/nbL7qR\nak3DciVd550bezq3lZ8xYuNSMP/2bfN6BQZnQ3tZJF5e6Cjo6LTlnNrWuX6Np4vo\nkWaHr03M9T9vqMEKt2gAhKrvv9A9+P1L8wvmGs6X4hfpEe3VfLNX0pztH2QB/O3b\nhURtgHxRBnrJrI+5aZqe/uxsSYAVXpWKw/+AGiG47FO/I2lc37sD4Iws5qhUqvnS\naX1fnqpRRZViwBBaHLvgfIugeosNzj4gczZNWDZaPQKBgQDtf2qlPiAOUUxyP573\nGbYedzo3tAgg/gCbLM8inRpqLBZ5Aert5LgxBNC1rTHT3i5QmZXiSJzT5GAtF8IF\nAIDC5M6JEDEcpftAyFsnSVUb+WL1E12mvgq9mbqbjfprMlPkLvPqEpOvTHeJ08jl\nKZjQjrYyn3nhSON5s+VTYSjrHwKBgQD+kHACiWVibP4x3YgCkerHAxPA1r99zqXR\nUXMiL2VZqCBOWa9qZORqza1/JZ9HxEFFP2TerOuc0ZQ2i0m8m8BCTBiiPYxoUbsz\nD5gUfDXl89GLbf18qwTxuMidgfAzJcjrm1lwQ8aD6yabGRuagiYKe9f4J2HFMncL\nsYo/F5pQ/wKBgQCfLqW2N5uYvRj2AnpzuIH+jX8x0rMYGeciGriCxLXtr7soRAbI\niGKESGvzOTCKhwKX9zkkv/KNeyaTUrcyTxH+jwl3iKjCQOXUl/WwsVAgPdj71o0Q\ns5PTXPRcSp8rtkHQUUAfBXCDMEd208J1BppsPxsTdxxjyUzeR5tPdXHNlQKBgHKX\nGCS8Loww3fgabcgiYRn2s6Shxo9eP1xLGtWvmiLSwMAkNQdipUPClC/hAqMun+cJ\nE2H9Ww47dUlcR/QD9HajhI87v4GSEP96LI5EH4sExzXJbEr7PP2GnZ/xRuvvPVN5\nmbgkei8V4kn88mUJ4w/jEaPeLm+zOM1lvQKLoGaHAoGAarIUOp3B/q7lFWsJEHmM\n3isBWu/RkYxjCTgBDCvoYHaUCTlHUCQG2S2nleMkUrLR5/rRk0T2V8UFMXMA/gP7\nHLWb5HfkOwcjPjbRxc3+7eiWprqMiBJ5wgZIFOVDs/gjgDGphzw+4Vce13iiHxCm\nH6JcBdJKchRItDB7Hu1q1Q8=\n-----END PRIVATE KEY-----\n",
            "public_key_fingerprint_md5": "94:35:9d:10:76:88:d9:8b:05:39:78:64:7d:d3:d7:fd",
            "public_key_fingerprint_sha256": "SHA256:k0pXlXnvAms/IxDQZ2V2BYHCO+K4nG2vVQVxDSbnqZA",
            "public_key_openssh": "ssh-rsa AAAAB3NzaC1yc2EAAAADAQABAAABAQDsKmtmCbUfXJ/vof5EtmHC4RR/97mNgz9IhVQdY5GJltBooQrcbeIpYpxdC5Vx6fYURqM0vU99bi59pPsqqHRhLYECU+t6E841uufxfUDN8rd7Iu2CoFCffIn8QcXlQXFbEPVTtCIfiGmE7zPkh6pHvYgB3JR+Y2Caeh/Rim8fJZlauT0BQH+UUZMR0VgeluIGikhuh80VTauA8rh25RG10qJhegaqdbYQffCYGWvIFQIltu5DjCYuk4oMb3IzYt8Ak75rzDd7LKpnGyVdeXn80gp4O/sq5uoA864nuCm9CkK0CAov+XE77rDsyXK73osN3UPd/Xi7I8D+LsjK4ePh\n",
            "public_key_pem": "-----BEGIN PUBLIC KEY-----\nMIIBIjANBgkqhkiG9w0BAQEFAAOCAQ8AMIIBCgKCAQEA7CprZgm1H1yf76H+RLZh\nwuEUf/e5jYM/SIVUHWORiZbQaKEK3G3iKWKcXQuVcen2FEajNL1PfW4ufaT7Kqh0\nYS2BAlPrehPONbrn8X1AzfK3eyLtgqBQn3yJ/EHF5UFxWxD1U7QiH4hphO8z5Ieq\nR72IAdyUfmNgmnof0YpvHyWZWrk9AUB/lFGTEdFYHpbiBopIbofNFU2rgPK4duUR\ntdKiYXoGqnW2EH3wmBlryBUCJbbuQ4wmLpOKDG9yM2LfAJO+a8w3eyyqZxslXXl5\n/NIKeDv7KubqAPOuJ7gpvQpCtAgKL/lxO+6w7Mlyu96LDd1D3f14uyPA/i7IyuHj\n4QIDAQAB\n-----END PUBLIC KEY-----\n",
            "rsa_bits": 2048
          },
          "sensitive_attributes": [
            [
              {
                "type": "get_attr",
                "value": "private_key_pem"
              }
            ],
            [
              {
                "type": "get_attr",
                "value": "private_key_openssh"
              }
            ],
            [
              {
                "type": "get_attr",
                "value": "private_key_pem_pkcs8"
              }
            ]
          ]
        }
      ]
    }
  ],
  "check_results": null
}
